
Microsoft Visual Studio Solution File, Format Version 12.00
# Visual Studio Version 16
VisualStudioVersion = 16.0.30804.86
MinimumVisualStudioVersion = 10.0.40219.1
Project("{FAE04EC0-301F-11D3-BF4B-00C04F79EFBC}") = "KodluyoruzOdev1", "KodluyoruzOdev1\KodluyoruzOdev1.csproj", "{01DF0F4D-28D8-48C0-9004-E762ABBE5841}"
EndProject
Global
	GlobalSection(SolutionConfigurationPlatforms) = preSolution
		Debug|Any CPU = Debug|Any CPU
		Release|Any CPU = Release|Any CPU
	EndGlobalSection
	GlobalSection(ProjectConfigurationPlatforms) = postSolution
		{01DF0F4D-28D8-48C0-9004-E762ABBE5841}.Debug|Any CPU.ActiveCfg = Debug|Any CPU
		{01DF0F4D-28D8-48C0-9004-E762ABBE5841}.Debug|Any CPU.Build.0 = Debug|Any CPU
		{01DF0F4D-28D8-48C0-9004-E762ABBE5841}.Release|Any CPU.ActiveCfg = Release|Any CPU
		{01DF0F4D-28D8-48C0-9004-E762ABBE5841}.Release|Any CPU.Build.0 = Release|Any CPU
	EndGlobalSection
	GlobalSection(SolutionProperties) = preSolution
		HideSolutionNode = FALSE
	EndGlobalSection
	GlobalSection(ExtensibilityGlobals) = postSolution
		SolutionGuid = {FCD5764B-0323-48FD-B2AF-FA13ADB1C972}
	EndGlobalSection
EndGlobal
